
Microsoft Visual Studio Solution File, Format Version 12.00
# Visual Studio 15
VisualStudioVersion = 15.0.27004.2002
MinimumVisualStudioVersion = 10.0.40219.1
Project("{FAE04EC0-301F-11D3-BF4B-00C04F79EFBC}") = "SUD", "SUD\SUD.csproj", "{549C0B7A-1B0F-4CF8-A9C9-83E0D76B0460}"
EndProject
Global
	GlobalSection(SolutionConfigurationPlatforms) = preSolution
		Debug|Any CPU = Debug|Any CPU
		Release|Any CPU = Release|Any CPU
	EndGlobalSection
	GlobalSection(ProjectConfigurationPlatforms) = postSolution
		{549C0B7A-1B0F-4CF8-A9C9-83E0D76B0460}.Debug|Any CPU.ActiveCfg = Debug|Any CPU
		{549C0B7A-1B0F-4CF8-A9C9-83E0D76B0460}.Debug|Any CPU.Build.0 = Debug|Any CPU
		{549C0B7A-1B0F-4CF8-A9C9-83E0D76B0460}.Release|Any CPU.ActiveCfg = Release|Any CPU
		{549C0B7A-1B0F-4CF8-A9C9-83E0D76B0460}.Release|Any CPU.Build.0 = Release|Any CPU
	EndGlobalSection
	GlobalSection(SolutionProperties) = preSolution
		HideSolutionNode = FALSE
	EndGlobalSection
	GlobalSection(ExtensibilityGlobals) = postSolution
		SolutionGuid = {1868DF60-3C67-4F8F-B9B3-561498414DC0}
	EndGlobalSection
EndGlobal
